
Microsoft Visual Studio Solution File, Format Version 12.00
# Visual Studio Version 17
VisualStudioVersion = 17.7.34031.279
MinimumVisualStudioVersion = 10.0.40219.1
Project("{9A19103F-16F7-4668-BE54-9A1E7A4F7556}") = "Samples.Factory", "Samples.Factory\Samples.Factory.csproj", "{35380CE8-EE10-4373-BC4B-A4CE3248F06F}"
EndProject
Project("{9A19103F-16F7-4668-BE54-9A1E7A4F7556}") = "Samples.Tests", "Samples.Tests\Samples.Tests.csproj", "{3EF43733-3FD9-4AED-804C-AA6E60E43010}"
EndProject
Project("{9A19103F-16F7-4668-BE54-9A1E7A4F7556}") = "Samples.TemplateMethod", "Samples.TemplateMethod\Samples.TemplateMethod.csproj", "{09EF1494-F152-4BF5-B8B3-FA9A6B39DA74}"
EndProject
Project("{9A19103F-16F7-4668-BE54-9A1E7A4F7556}") = "Samples.NullObject", "Samples.NullObject\Samples.NullObject.csproj", "{3A71EE9E-DAA3-47E1-ABFB-A2445BDB4086}"
EndProject
Project("{9A19103F-16F7-4668-BE54-9A1E7A4F7556}") = "Samples.Observer", "Samples.Observer\Samples.Observer.csproj", "{FEC08B78-57BF-43A3-8AC4-5EC968D28B4C}"
EndProject
Project("{9A19103F-16F7-4668-BE54-9A1E7A4F7556}") = "Samples.Mediator", "Samples.Mediator\Samples.Mediator.csproj", "{300F06CE-E8C1-44D5-BDA7-0A653506B146}"
EndProject
Project("{9A19103F-16F7-4668-BE54-9A1E7A4F7556}") = "Samples.Facade", "Samples.Facade\Samples.Facade.csproj", "{56961AFE-0E44-4277-A5F9-7541B02F3CC3}"
EndProject
Project("{9A19103F-16F7-4668-BE54-9A1E7A4F7556}") = "Samples.Singleton", "Samples.Singleton\Samples.Singleton.csproj", "{89832E79-7C57-41F1-9F00-BF55F7C6F993}"
EndProject
Project("{9A19103F-16F7-4668-BE54-9A1E7A4F7556}") = "Samples.Composite", "Samples.Composite\Samples.Composite.csproj", "{1A1202B5-778C-45FE-A7D5-80A466D7BC2C}"
EndProject
Project("{9A19103F-16F7-4668-BE54-9A1E7A4F7556}") = "Samples.Adapter", "Samples.Adapter\Samples.Adapter.csproj", "{8BBACF31-4F28-4006-9F61-A7D42A460BD9}"
EndProject
Project("{9A19103F-16F7-4668-BE54-9A1E7A4F7556}") = "Samples.Bridge", "Samples.Bridge\Samples.Bridge.csproj", "{270929D1-C62D-4B73-9234-250C7534E680}"
EndProject
Project("{9A19103F-16F7-4668-BE54-9A1E7A4F7556}") = "Samples.Command", "Samples.Command\Samples.Command.csproj", "{09A9DBD1-3415-4A31-B67E-24CF3ABA2725}"
EndProject
Project("{9A19103F-16F7-4668-BE54-9A1E7A4F7556}") = "Samples.MessageBroker", "Samples.MessageBroker\Samples.MessageBroker.csproj", "{DE3748A3-F77E-4849-ACD7-9BE7648A53EB}"
EndProject
Project("{9A19103F-16F7-4668-BE54-9A1E7A4F7556}") = "Samples.Async", "Samples.Async\Samples.Async.csproj", "{8B1E2135-C1B8-4597-9842-6B83253D3E48}"
EndProject
Project("{9A19103F-16F7-4668-BE54-9A1E7A4F7556}") = "Samples.Builder", "Samples.Builder\Samples.Builder.csproj", "{E67066ED-B445-488D-9B24-B3DE5AE04609}"
EndProject
Project("{2150E333-8FDC-42A3-9474-1A3956D46DE8}") = "Patterns", "Patterns", "{DEE6FBCD-387E-4C8A-93E3-31856BF2811F}"
EndProject
Project("{2150E333-8FDC-42A3-9474-1A3956D46DE8}") = "UseCases", "UseCases", "{22FCE3DE-730A-4237-97C9-76799B015FD8}"
EndProject
Project("{9A19103F-16F7-4668-BE54-9A1E7A4F7556}") = "Samples.GenericHost", "Samples.GenericHost\Samples.GenericHost.csproj", "{7871C09F-D187-4097-A975-A3D674960EC8}"
EndProject
Project("{9A19103F-16F7-4668-BE54-9A1E7A4F7556}") = "Samples.Async.Progress", "Samples.Async.Progress\Samples.Async.Progress.csproj", "{7EC2DDAC-05FD-469C-A91B-29292DE8ABD4}"
EndProject
Project("{9A19103F-16F7-4668-BE54-9A1E7A4F7556}") = "Samples.Logging", "Samples.Logging\Samples.Logging.csproj", "{833F5ACE-7CC8-4214-ADD7-8A0FC1A4E3E3}"
EndProject
Project("{9A19103F-16F7-4668-BE54-9A1E7A4F7556}") = "Samples.DI", "Samples.DI\Samples.DI.csproj", "{57FE928C-2C99-46A0-9A56-D6E47DADE2DF}"
EndProject
Project("{FAE04EC0-301F-11D3-BF4B-00C04F79EFBC}") = "Samples.Auth.Cookies", "Samples.Auth.Cookies\Samples.Auth.Cookies.csproj", "{26D1BE88-40E9-4D8C-8A51-4BAFE48FDACD}"
EndProject
Project("{FAE04EC0-301F-11D3-BF4B-00C04F79EFBC}") = "Samples.Auth.Jwt", "Samples.Auth.Jwt\Samples.Auth.Jwt.csproj", "{CA4496B0-EE9F-4ACE-A462-56E010AA5E48}"
EndProject
Project("{FAE04EC0-301F-11D3-BF4B-00C04F79EFBC}") = "Samples.Async.AsyncFactoryMethod", "Samples.Async.AsyncFactoryMethod\Samples.Async.AsyncFactoryMethod.csproj", "{BBE0F2FE-1104-462D-88F1-ADE6243FC49B}"
EndProject
Project("{FAE04EC0-301F-11D3-BF4B-00C04F79EFBC}") = "Samples.Async.InitializationPattern", "Samples.Async.InitializationPattern\Samples.Async.InitializationPattern.csproj", "{5D7E5765-11EC-414C-832E-B4E5A9F55655}"
EndProject
Project("{FAE04EC0-301F-11D3-BF4B-00C04F79EFBC}") = "Samples.Async.SemaphoreSlim", "Samples.Async.SemaphoreSlim\Samples.Async.SemaphoreSlim.csproj", "{8A626CFA-C57F-43AD-9E5C-E93EB9CBD779}"
EndProject
Project("{FAE04EC0-301F-11D3-BF4B-00C04F79EFBC}") = "Samples.Thread.Semaphore", "Samples.Thread.Semaphore\Samples.Thread.Semaphore.csproj", "{614DBE73-15AE-47B5-94AA-6E092A29A0D2}"
EndProject
Global
	GlobalSection(SolutionConfigurationPlatforms) = preSolution
		Debug|Any CPU = Debug|Any CPU
		Release|Any CPU = Release|Any CPU
	EndGlobalSection
	GlobalSection(ProjectConfigurationPlatforms) = postSolution
		{35380CE8-EE10-4373-BC4B-A4CE3248F06F}.Debug|Any CPU.ActiveCfg = Debug|Any CPU
		{35380CE8-EE10-4373-BC4B-A4CE3248F06F}.Debug|Any CPU.Build.0 = Debug|Any CPU
		{35380CE8-EE10-4373-BC4B-A4CE3248F06F}.Release|Any CPU.ActiveCfg = Release|Any CPU
		{35380CE8-EE10-4373-BC4B-A4CE3248F06F}.Release|Any CPU.Build.0 = Release|Any CPU
		{3EF43733-3FD9-4AED-804C-AA6E60E43010}.Debug|Any CPU.ActiveCfg = Debug|Any CPU
		{3EF43733-3FD9-4AED-804C-AA6E60E43010}.Debug|Any CPU.Build.0 = Debug|Any CPU
		{3EF43733-3FD9-4AED-804C-AA6E60E43010}.Release|Any CPU.ActiveCfg = Release|Any CPU
		{3EF43733-3FD9-4AED-804C-AA6E60E43010}.Release|Any CPU.Build.0 = Release|Any CPU
		{09EF1494-F152-4BF5-B8B3-FA9A6B39DA74}.Debug|Any CPU.ActiveCfg = Debug|Any CPU
		{09EF1494-F152-4BF5-B8B3-FA9A6B39DA74}.Debug|Any CPU.Build.0 = Debug|Any CPU
		{09EF1494-F152-4BF5-B8B3-FA9A6B39DA74}.Release|Any CPU.ActiveCfg = Release|Any CPU
		{09EF1494-F152-4BF5-B8B3-FA9A6B39DA74}.Release|Any CPU.Build.0 = Release|Any CPU
		{3A71EE9E-DAA3-47E1-ABFB-A2445BDB4086}.Debug|Any CPU.ActiveCfg = Debug|Any CPU
		{3A71EE9E-DAA3-47E1-ABFB-A2445BDB4086}.Debug|Any CPU.Build.0 = Debug|Any CPU
		{3A71EE9E-DAA3-47E1-ABFB-A2445BDB4086}.Release|Any CPU.ActiveCfg = Release|Any CPU
		{3A71EE9E-DAA3-47E1-ABFB-A2445BDB4086}.Release|Any CPU.Build.0 = Release|Any CPU
		{FEC08B78-57BF-43A3-8AC4-5EC968D28B4C}.Debug|Any CPU.ActiveCfg = Debug|Any CPU
		{FEC08B78-57BF-43A3-8AC4-5EC968D28B4C}.Debug|Any CPU.Build.0 = Debug|Any CPU
		{FEC08B78-57BF-43A3-8AC4-5EC968D28B4C}.Release|Any CPU.ActiveCfg = Release|Any CPU
		{FEC08B78-57BF-43A3-8AC4-5EC968D28B4C}.Release|Any CPU.Build.0 = Release|Any CPU
		{300F06CE-E8C1-44D5-BDA7-0A653506B146}.Debug|Any CPU.ActiveCfg = Debug|Any CPU
		{300F06CE-E8C1-44D5-BDA7-0A653506B146}.Debug|Any CPU.Build.0 = Debug|Any CPU
		{300F06CE-E8C1-44D5-BDA7-0A653506B146}.Release|Any CPU.ActiveCfg = Release|Any CPU
		{300F06CE-E8C1-44D5-BDA7-0A653506B146}.Release|Any CPU.Build.0 = Release|Any CPU
		{56961AFE-0E44-4277-A5F9-7541B02F3CC3}.Debug|Any CPU.ActiveCfg = Debug|Any CPU
		{56961AFE-0E44-4277-A5F9-7541B02F3CC3}.Debug|Any CPU.Build.0 = Debug|Any CPU
		{56961AFE-0E44-4277-A5F9-7541B02F3CC3}.Release|Any CPU.ActiveCfg = Release|Any CPU
		{56961AFE-0E44-4277-A5F9-7541B02F3CC3}.Release|Any CPU.Build.0 = Release|Any CPU
		{89832E79-7C57-41F1-9F00-BF55F7C6F993}.Debug|Any CPU.ActiveCfg = Debug|Any CPU
		{89832E79-7C57-41F1-9F00-BF55F7C6F993}.Debug|Any CPU.Build.0 = Debug|Any CPU
		{89832E79-7C57-41F1-9F00-BF55F7C6F993}.Release|Any CPU.ActiveCfg = Release|Any CPU
		{89832E79-7C57-41F1-9F00-BF55F7C6F993}.Release|Any CPU.Build.0 = Release|Any CPU
		{1A1202B5-778C-45FE-A7D5-80A466D7BC2C}.Debug|Any CPU.ActiveCfg = Debug|Any CPU
		{1A1202B5-778C-45FE-A7D5-80A466D7BC2C}.Debug|Any CPU.Build.0 = Debug|Any CPU
		{1A1202B5-778C-45FE-A7D5-80A466D7BC2C}.Release|Any CPU.ActiveCfg = Release|Any CPU
		{1A1202B5-778C-45FE-A7D5-80A466D7BC2C}.Release|Any CPU.Build.0 = Release|Any CPU
		{8BBACF31-4F28-4006-9F61-A7D42A460BD9}.Debug|Any CPU.ActiveCfg = Debug|Any CPU
		{8BBACF31-4F28-4006-9F61-A7D42A460BD9}.Debug|Any CPU.Build.0 = Debug|Any CPU
		{8BBACF31-4F28-4006-9F61-A7D42A460BD9}.Release|Any CPU.ActiveCfg = Release|Any CPU
		{8BBACF31-4F28-4006-9F61-A7D42A460BD9}.Release|Any CPU.Build.0 = Release|Any CPU
		{270929D1-C62D-4B73-9234-250C7534E680}.Debug|Any CPU.ActiveCfg = Debug|Any CPU
		{270929D1-C62D-4B73-9234-250C7534E680}.Debug|Any CPU.Build.0 = Debug|Any CPU
		{270929D1-C62D-4B73-9234-250C7534E680}.Release|Any CPU.ActiveCfg = Release|Any CPU
		{270929D1-C62D-4B73-9234-250C7534E680}.Release|Any CPU.Build.0 = Release|Any CPU
		{09A9DBD1-3415-4A31-B67E-24CF3ABA2725}.Debug|Any CPU.ActiveCfg = Debug|Any CPU
		{09A9DBD1-3415-4A31-B67E-24CF3ABA2725}.Debug|Any CPU.Build.0 = Debug|Any CPU
		{09A9DBD1-3415-4A31-B67E-24CF3ABA2725}.Release|Any CPU.ActiveCfg = Release|Any CPU
		{09A9DBD1-3415-4A31-B67E-24CF3ABA2725}.Release|Any CPU.Build.0 = Release|Any CPU
		{DE3748A3-F77E-4849-ACD7-9BE7648A53EB}.Debug|Any CPU.ActiveCfg = Debug|Any CPU
		{DE3748A3-F77E-4849-ACD7-9BE7648A53EB}.Debug|Any CPU.Build.0 = Debug|Any CPU
		{DE3748A3-F77E-4849-ACD7-9BE7648A53EB}.Release|Any CPU.ActiveCfg = Release|Any CPU
		{DE3748A3-F77E-4849-ACD7-9BE7648A53EB}.Release|Any CPU.Build.0 = Release|Any CPU
		{8B1E2135-C1B8-4597-9842-6B83253D3E48}.Debug|Any CPU.ActiveCfg = Debug|Any CPU
		{8B1E2135-C1B8-4597-9842-6B83253D3E48}.Debug|Any CPU.Build.0 = Debug|Any CPU
		{8B1E2135-C1B8-4597-9842-6B83253D3E48}.Release|Any CPU.ActiveCfg = Release|Any CPU
		{8B1E2135-C1B8-4597-9842-6B83253D3E48}.Release|Any CPU.Build.0 = Release|Any CPU
		{E67066ED-B445-488D-9B24-B3DE5AE04609}.Debug|Any CPU.ActiveCfg = Debug|Any CPU
		{E67066ED-B445-488D-9B24-B3DE5AE04609}.Debug|Any CPU.Build.0 = Debug|Any CPU
		{E67066ED-B445-488D-9B24-B3DE5AE04609}.Release|Any CPU.ActiveCfg = Release|Any CPU
		{E67066ED-B445-488D-9B24-B3DE5AE04609}.Release|Any CPU.Build.0 = Release|Any CPU
		{7871C09F-D187-4097-A975-A3D674960EC8}.Debug|Any CPU.ActiveCfg = Debug|Any CPU
		{7871C09F-D187-4097-A975-A3D674960EC8}.Debug|Any CPU.Build.0 = Debug|Any CPU
		{7871C09F-D187-4097-A975-A3D674960EC8}.Release|Any CPU.ActiveCfg = Release|Any CPU
		{7871C09F-D187-4097-A975-A3D674960EC8}.Release|Any CPU.Build.0 = Release|Any CPU
		{7EC2DDAC-05FD-469C-A91B-29292DE8ABD4}.Debug|Any CPU.ActiveCfg = Debug|Any CPU
		{7EC2DDAC-05FD-469C-A91B-29292DE8ABD4}.Debug|Any CPU.Build.0 = Debug|Any CPU
		{7EC2DDAC-05FD-469C-A91B-29292DE8ABD4}.Release|Any CPU.ActiveCfg = Release|Any CPU
		{7EC2DDAC-05FD-469C-A91B-29292DE8ABD4}.Release|Any CPU.Build.0 = Release|Any CPU
		{833F5ACE-7CC8-4214-ADD7-8A0FC1A4E3E3}.Debug|Any CPU.ActiveCfg = Debug|Any CPU
		{833F5ACE-7CC8-4214-ADD7-8A0FC1A4E3E3}.Debug|Any CPU.Build.0 = Debug|Any CPU
		{833F5ACE-7CC8-4214-ADD7-8A0FC1A4E3E3}.Release|Any CPU.ActiveCfg = Release|Any CPU
		{833F5ACE-7CC8-4214-ADD7-8A0FC1A4E3E3}.Release|Any CPU.Build.0 = Release|Any CPU
		{57FE928C-2C99-46A0-9A56-D6E47DADE2DF}.Debug|Any CPU.ActiveCfg = Debug|Any CPU
		{57FE928C-2C99-46A0-9A56-D6E47DADE2DF}.Debug|Any CPU.Build.0 = Debug|Any CPU
		{57FE928C-2C99-46A0-9A56-D6E47DADE2DF}.Release|Any CPU.ActiveCfg = Release|Any CPU
		{57FE928C-2C99-46A0-9A56-D6E47DADE2DF}.Release|Any CPU.Build.0 = Release|Any CPU
		{26D1BE88-40E9-4D8C-8A51-4BAFE48FDACD}.Debug|Any CPU.ActiveCfg = Debug|Any CPU
		{26D1BE88-40E9-4D8C-8A51-4BAFE48FDACD}.Debug|Any CPU.Build.0 = Debug|Any CPU
		{26D1BE88-40E9-4D8C-8A51-4BAFE48FDACD}.Release|Any CPU.ActiveCfg = Release|Any CPU
		{26D1BE88-40E9-4D8C-8A51-4BAFE48FDACD}.Release|Any CPU.Build.0 = Release|Any CPU
		{CA4496B0-EE9F-4ACE-A462-56E010AA5E48}.Debug|Any CPU.ActiveCfg = Debug|Any CPU
		{CA4496B0-EE9F-4ACE-A462-56E010AA5E48}.Debug|Any CPU.Build.0 = Debug|Any CPU
		{CA4496B0-EE9F-4ACE-A462-56E010AA5E48}.Release|Any CPU.ActiveCfg = Release|Any CPU
		{CA4496B0-EE9F-4ACE-A462-56E010AA5E48}.Release|Any CPU.Build.0 = Release|Any CPU
		{BBE0F2FE-1104-462D-88F1-ADE6243FC49B}.Debug|Any CPU.ActiveCfg = Debug|Any CPU
		{BBE0F2FE-1104-462D-88F1-ADE6243FC49B}.Debug|Any CPU.Build.0 = Debug|Any CPU
		{BBE0F2FE-1104-462D-88F1-ADE6243FC49B}.Release|Any CPU.ActiveCfg = Release|Any CPU
		{BBE0F2FE-1104-462D-88F1-ADE6243FC49B}.Release|Any CPU.Build.0 = Release|Any CPU
		{5D7E5765-11EC-414C-832E-B4E5A9F55655}.Debug|Any CPU.ActiveCfg = Debug|Any CPU
		{5D7E5765-11EC-414C-832E-B4E5A9F55655}.Debug|Any CPU.Build.0 = Debug|Any CPU
		{5D7E5765-11EC-414C-832E-B4E5A9F55655}.Release|Any CPU.ActiveCfg = Release|Any CPU
		{5D7E5765-11EC-414C-832E-B4E5A9F55655}.Release|Any CPU.Build.0 = Release|Any CPU
		{8A626CFA-C57F-43AD-9E5C-E93EB9CBD779}.Debug|Any CPU.ActiveCfg = Debug|Any CPU
		{8A626CFA-C57F-43AD-9E5C-E93EB9CBD779}.Debug|Any CPU.Build.0 = Debug|Any CPU
		{8A626CFA-C57F-43AD-9E5C-E93EB9CBD779}.Release|Any CPU.ActiveCfg = Release|Any CPU
		{8A626CFA-C57F-43AD-9E5C-E93EB9CBD779}.Release|Any CPU.Build.0 = Release|Any CPU
		{614DBE73-15AE-47B5-94AA-6E092A29A0D2}.Debug|Any CPU.ActiveCfg = Debug|Any CPU
		{614DBE73-15AE-47B5-94AA-6E092A29A0D2}.Debug|Any CPU.Build.0 = Debug|Any CPU
		{614DBE73-15AE-47B5-94AA-6E092A29A0D2}.Release|Any CPU.ActiveCfg = Release|Any CPU
		{614DBE73-15AE-47B5-94AA-6E092A29A0D2}.Release|Any CPU.Build.0 = Release|Any CPU
	EndGlobalSection
	GlobalSection(SolutionProperties) = preSolution
		HideSolutionNode = FALSE
	EndGlobalSection
	GlobalSection(NestedProjects) = preSolution
		{35380CE8-EE10-4373-BC4B-A4CE3248F06F} = {DEE6FBCD-387E-4C8A-93E3-31856BF2811F}
		{09EF1494-F152-4BF5-B8B3-FA9A6B39DA74} = {DEE6FBCD-387E-4C8A-93E3-31856BF2811F}
		{3A71EE9E-DAA3-47E1-ABFB-A2445BDB4086} = {DEE6FBCD-387E-4C8A-93E3-31856BF2811F}
		{FEC08B78-57BF-43A3-8AC4-5EC968D28B4C} = {DEE6FBCD-387E-4C8A-93E3-31856BF2811F}
		{300F06CE-E8C1-44D5-BDA7-0A653506B146} = {DEE6FBCD-387E-4C8A-93E3-31856BF2811F}
		{56961AFE-0E44-4277-A5F9-7541B02F3CC3} = {DEE6FBCD-387E-4C8A-93E3-31856BF2811F}
		{89832E79-7C57-41F1-9F00-BF55F7C6F993} = {DEE6FBCD-387E-4C8A-93E3-31856BF2811F}
		{1A1202B5-778C-45FE-A7D5-80A466D7BC2C} = {DEE6FBCD-387E-4C8A-93E3-31856BF2811F}
		{8BBACF31-4F28-4006-9F61-A7D42A460BD9} = {DEE6FBCD-387E-4C8A-93E3-31856BF2811F}
		{270929D1-C62D-4B73-9234-250C7534E680} = {DEE6FBCD-387E-4C8A-93E3-31856BF2811F}
		{09A9DBD1-3415-4A31-B67E-24CF3ABA2725} = {DEE6FBCD-387E-4C8A-93E3-31856BF2811F}
		{DE3748A3-F77E-4849-ACD7-9BE7648A53EB} = {DEE6FBCD-387E-4C8A-93E3-31856BF2811F}
		{8B1E2135-C1B8-4597-9842-6B83253D3E48} = {22FCE3DE-730A-4237-97C9-76799B015FD8}
		{E67066ED-B445-488D-9B24-B3DE5AE04609} = {DEE6FBCD-387E-4C8A-93E3-31856BF2811F}
		{7871C09F-D187-4097-A975-A3D674960EC8} = {22FCE3DE-730A-4237-97C9-76799B015FD8}
		{7EC2DDAC-05FD-469C-A91B-29292DE8ABD4} = {22FCE3DE-730A-4237-97C9-76799B015FD8}
		{833F5ACE-7CC8-4214-ADD7-8A0FC1A4E3E3} = {22FCE3DE-730A-4237-97C9-76799B015FD8}
		{57FE928C-2C99-46A0-9A56-D6E47DADE2DF} = {22FCE3DE-730A-4237-97C9-76799B015FD8}
	EndGlobalSection
	GlobalSection(ExtensibilityGlobals) = postSolution
		SolutionGuid = {9F40B22A-B5F9-48CD-897D-6822BB26FF6C}
	EndGlobalSection
EndGlobal
