
Microsoft Visual Studio Solution File, Format Version 12.00
# Visual Studio Version 17
VisualStudioVersion = 17.7.34031.279
MinimumVisualStudioVersion = 10.0.40219.1
Project("{9A19103F-16F7-4668-BE54-9A1E7A4F7556}") = "Samples.Factory", "Samples.Factory\Samples.Factory.csproj", "{35380CE8-EE10-4373-BC4B-A4CE3248F06F}"
EndProject
Project("{9A19103F-16F7-4668-BE54-9A1E7A4F7556}") = "Samples.Tests", "Samples.Tests\Samples.Tests.csproj", "{3EF43733-3FD9-4AED-804C-AA6E60E43010}"
EndProject
Project("{9A19103F-16F7-4668-BE54-9A1E7A4F7556}") = "Samples.TemplateMethod", "Samples.TemplateMethod\Samples.TemplateMethod.csproj", "{09EF1494-F152-4BF5-B8B3-FA9A6B39DA74}"
EndProject
Project("{9A19103F-16F7-4668-BE54-9A1E7A4F7556}") = "Samples.NullObject", "Samples.NullObject\Samples.NullObject.csproj", "{3A71EE9E-DAA3-47E1-ABFB-A2445BDB4086}"
EndProject
Project("{9A19103F-16F7-4668-BE54-9A1E7A4F7556}") = "Samples.Observer", "Samples.Observer\Samples.Observer.csproj", "{FEC08B78-57BF-43A3-8AC4-5EC968D28B4C}"
EndProject
Project("{9A19103F-16F7-4668-BE54-9A1E7A4F7556}") = "Samples.Mediator", "Samples.Mediator\Samples.Mediator.csproj", "{300F06CE-E8C1-44D5-BDA7-0A653506B146}"
EndProject
Project("{9A19103F-16F7-4668-BE54-9A1E7A4F7556}") = "Samples.Facade", "Samples.Facade\Samples.Facade.csproj", "{56961AFE-0E44-4277-A5F9-7541B02F3CC3}"
EndProject
Project("{9A19103F-16F7-4668-BE54-9A1E7A4F7556}") = "Samples.Singleton", "Samples.Singleton\Samples.Singleton.csproj", "{89832E79-7C57-41F1-9F00-BF55F7C6F993}"
EndProject
Project("{9A19103F-16F7-4668-BE54-9A1E7A4F7556}") = "Samples.Composite", "Samples.Composite\Samples.Composite.csproj", "{1A1202B5-778C-45FE-A7D5-80A466D7BC2C}"
EndProject
Project("{9A19103F-16F7-4668-BE54-9A1E7A4F7556}") = "Samples.Adapter", "Samples.Adapter\Samples.Adapter.csproj", "{8BBACF31-4F28-4006-9F61-A7D42A460BD9}"
EndProject
Project("{9A19103F-16F7-4668-BE54-9A1E7A4F7556}") = "Samples.Bridge", "Samples.Bridge\Samples.Bridge.csproj", "{270929D1-C62D-4B73-9234-250C7534E680}"
EndProject
Project("{9A19103F-16F7-4668-BE54-9A1E7A4F7556}") = "Samples.Command", "Samples.Command\Samples.Command.csproj", "{09A9DBD1-3415-4A31-B67E-24CF3ABA2725}"
EndProject
Project("{9A19103F-16F7-4668-BE54-9A1E7A4F7556}") = "Samples.MessageBroker", "Samples.MessageBroker\Samples.MessageBroker.csproj", "{DE3748A3-F77E-4849-ACD7-9BE7648A53EB}"
EndProject
Project("{9A19103F-16F7-4668-BE54-9A1E7A4F7556}") = "Samples.Async", "Samples.Async\Samples.Async.csproj", "{8B1E2135-C1B8-4597-9842-6B83253D3E48}"
EndProject
Project("{FAE04EC0-301F-11D3-BF4B-00C04F79EFBC}") = "Samples.Builder", "Samples.Builder\Samples.Builder.csproj", "{E67066ED-B445-488D-9B24-B3DE5AE04609}"
EndProject
Global
	GlobalSection(SolutionConfigurationPlatforms) = preSolution
		Debug|Any CPU = Debug|Any CPU
		Release|Any CPU = Release|Any CPU
	EndGlobalSection
	GlobalSection(ProjectConfigurationPlatforms) = postSolution
		{35380CE8-EE10-4373-BC4B-A4CE3248F06F}.Debug|Any CPU.ActiveCfg = Debug|Any CPU
		{35380CE8-EE10-4373-BC4B-A4CE3248F06F}.Debug|Any CPU.Build.0 = Debug|Any CPU
		{35380CE8-EE10-4373-BC4B-A4CE3248F06F}.Release|Any CPU.ActiveCfg = Release|Any CPU
		{35380CE8-EE10-4373-BC4B-A4CE3248F06F}.Release|Any CPU.Build.0 = Release|Any CPU
		{3EF43733-3FD9-4AED-804C-AA6E60E43010}.Debug|Any CPU.ActiveCfg = Debug|Any CPU
		{3EF43733-3FD9-4AED-804C-AA6E60E43010}.Debug|Any CPU.Build.0 = Debug|Any CPU
		{3EF43733-3FD9-4AED-804C-AA6E60E43010}.Release|Any CPU.ActiveCfg = Release|Any CPU
		{3EF43733-3FD9-4AED-804C-AA6E60E43010}.Release|Any CPU.Build.0 = Release|Any CPU
		{09EF1494-F152-4BF5-B8B3-FA9A6B39DA74}.Debug|Any CPU.ActiveCfg = Debug|Any CPU
		{09EF1494-F152-4BF5-B8B3-FA9A6B39DA74}.Debug|Any CPU.Build.0 = Debug|Any CPU
		{09EF1494-F152-4BF5-B8B3-FA9A6B39DA74}.Release|Any CPU.ActiveCfg = Release|Any CPU
		{09EF1494-F152-4BF5-B8B3-FA9A6B39DA74}.Release|Any CPU.Build.0 = Release|Any CPU
		{3A71EE9E-DAA3-47E1-ABFB-A2445BDB4086}.Debug|Any CPU.ActiveCfg = Debug|Any CPU
		{3A71EE9E-DAA3-47E1-ABFB-A2445BDB4086}.Debug|Any CPU.Build.0 = Debug|Any CPU
		{3A71EE9E-DAA3-47E1-ABFB-A2445BDB4086}.Release|Any CPU.ActiveCfg = Release|Any CPU
		{3A71EE9E-DAA3-47E1-ABFB-A2445BDB4086}.Release|Any CPU.Build.0 = Release|Any CPU
		{FEC08B78-57BF-43A3-8AC4-5EC968D28B4C}.Debug|Any CPU.ActiveCfg = Debug|Any CPU
		{FEC08B78-57BF-43A3-8AC4-5EC968D28B4C}.Debug|Any CPU.Build.0 = Debug|Any CPU
		{FEC08B78-57BF-43A3-8AC4-5EC968D28B4C}.Release|Any CPU.ActiveCfg = Release|Any CPU
		{FEC08B78-57BF-43A3-8AC4-5EC968D28B4C}.Release|Any CPU.Build.0 = Release|Any CPU
		{300F06CE-E8C1-44D5-BDA7-0A653506B146}.Debug|Any CPU.ActiveCfg = Debug|Any CPU
		{300F06CE-E8C1-44D5-BDA7-0A653506B146}.Debug|Any CPU.Build.0 = Debug|Any CPU
		{300F06CE-E8C1-44D5-BDA7-0A653506B146}.Release|Any CPU.ActiveCfg = Release|Any CPU
		{300F06CE-E8C1-44D5-BDA7-0A653506B146}.Release|Any CPU.Build.0 = Release|Any CPU
		{56961AFE-0E44-4277-A5F9-7541B02F3CC3}.Debug|Any CPU.ActiveCfg = Debug|Any CPU
		{56961AFE-0E44-4277-A5F9-7541B02F3CC3}.Debug|Any CPU.Build.0 = Debug|Any CPU
		{56961AFE-0E44-4277-A5F9-7541B02F3CC3}.Release|Any CPU.ActiveCfg = Release|Any CPU
		{56961AFE-0E44-4277-A5F9-7541B02F3CC3}.Release|Any CPU.Build.0 = Release|Any CPU
		{89832E79-7C57-41F1-9F00-BF55F7C6F993}.Debug|Any CPU.ActiveCfg = Debug|Any CPU
		{89832E79-7C57-41F1-9F00-BF55F7C6F993}.Debug|Any CPU.Build.0 = Debug|Any CPU
		{89832E79-7C57-41F1-9F00-BF55F7C6F993}.Release|Any CPU.ActiveCfg = Release|Any CPU
		{89832E79-7C57-41F1-9F00-BF55F7C6F993}.Release|Any CPU.Build.0 = Release|Any CPU
		{1A1202B5-778C-45FE-A7D5-80A466D7BC2C}.Debug|Any CPU.ActiveCfg = Debug|Any CPU
		{1A1202B5-778C-45FE-A7D5-80A466D7BC2C}.Debug|Any CPU.Build.0 = Debug|Any CPU
		{1A1202B5-778C-45FE-A7D5-80A466D7BC2C}.Release|Any CPU.ActiveCfg = Release|Any CPU
		{1A1202B5-778C-45FE-A7D5-80A466D7BC2C}.Release|Any CPU.Build.0 = Release|Any CPU
		{8BBACF31-4F28-4006-9F61-A7D42A460BD9}.Debug|Any CPU.ActiveCfg = Debug|Any CPU
		{8BBACF31-4F28-4006-9F61-A7D42A460BD9}.Debug|Any CPU.Build.0 = Debug|Any CPU
		{8BBACF31-4F28-4006-9F61-A7D42A460BD9}.Release|Any CPU.ActiveCfg = Release|Any CPU
		{8BBACF31-4F28-4006-9F61-A7D42A460BD9}.Release|Any CPU.Build.0 = Release|Any CPU
		{270929D1-C62D-4B73-9234-250C7534E680}.Debug|Any CPU.ActiveCfg = Debug|Any CPU
		{270929D1-C62D-4B73-9234-250C7534E680}.Debug|Any CPU.Build.0 = Debug|Any CPU
		{270929D1-C62D-4B73-9234-250C7534E680}.Release|Any CPU.ActiveCfg = Release|Any CPU
		{270929D1-C62D-4B73-9234-250C7534E680}.Release|Any CPU.Build.0 = Release|Any CPU
		{09A9DBD1-3415-4A31-B67E-24CF3ABA2725}.Debug|Any CPU.ActiveCfg = Debug|Any CPU
		{09A9DBD1-3415-4A31-B67E-24CF3ABA2725}.Debug|Any CPU.Build.0 = Debug|Any CPU
		{09A9DBD1-3415-4A31-B67E-24CF3ABA2725}.Release|Any CPU.ActiveCfg = Release|Any CPU
		{09A9DBD1-3415-4A31-B67E-24CF3ABA2725}.Release|Any CPU.Build.0 = Release|Any CPU
		{DE3748A3-F77E-4849-ACD7-9BE7648A53EB}.Debug|Any CPU.ActiveCfg = Debug|Any CPU
		{DE3748A3-F77E-4849-ACD7-9BE7648A53EB}.Debug|Any CPU.Build.0 = Debug|Any CPU
		{DE3748A3-F77E-4849-ACD7-9BE7648A53EB}.Release|Any CPU.ActiveCfg = Release|Any CPU
		{DE3748A3-F77E-4849-ACD7-9BE7648A53EB}.Release|Any CPU.Build.0 = Release|Any CPU
		{8B1E2135-C1B8-4597-9842-6B83253D3E48}.Debug|Any CPU.ActiveCfg = Debug|Any CPU
		{8B1E2135-C1B8-4597-9842-6B83253D3E48}.Debug|Any CPU.Build.0 = Debug|Any CPU
		{8B1E2135-C1B8-4597-9842-6B83253D3E48}.Release|Any CPU.ActiveCfg = Release|Any CPU
		{8B1E2135-C1B8-4597-9842-6B83253D3E48}.Release|Any CPU.Build.0 = Release|Any CPU
		{E67066ED-B445-488D-9B24-B3DE5AE04609}.Debug|Any CPU.ActiveCfg = Debug|Any CPU
		{E67066ED-B445-488D-9B24-B3DE5AE04609}.Debug|Any CPU.Build.0 = Debug|Any CPU
		{E67066ED-B445-488D-9B24-B3DE5AE04609}.Release|Any CPU.ActiveCfg = Release|Any CPU
		{E67066ED-B445-488D-9B24-B3DE5AE04609}.Release|Any CPU.Build.0 = Release|Any CPU
	EndGlobalSection
	GlobalSection(SolutionProperties) = preSolution
		HideSolutionNode = FALSE
	EndGlobalSection
	GlobalSection(ExtensibilityGlobals) = postSolution
		SolutionGuid = {9F40B22A-B5F9-48CD-897D-6822BB26FF6C}
	EndGlobalSection
EndGlobal
