
Microsoft Visual Studio Solution File, Format Version 12.00
# Visual Studio Version 17
VisualStudioVersion = 17.5.002.0
MinimumVisualStudioVersion = 10.0.40219.1
Project("{9A19103F-16F7-4668-BE54-9A1E7A4F7556}") = "Samples.Generics", "Samples.Generics.csproj", "{DE799A02-53D7-4276-A1EA-E0011F8A3AB6}"
EndProject
Global
	GlobalSection(SolutionConfigurationPlatforms) = preSolution
		Debug|Any CPU = Debug|Any CPU
		Release|Any CPU = Release|Any CPU
	EndGlobalSection
	GlobalSection(ProjectConfigurationPlatforms) = postSolution
		{DE799A02-53D7-4276-A1EA-E0011F8A3AB6}.Debug|Any CPU.ActiveCfg = Debug|Any CPU
		{DE799A02-53D7-4276-A1EA-E0011F8A3AB6}.Debug|Any CPU.Build.0 = Debug|Any CPU
		{DE799A02-53D7-4276-A1EA-E0011F8A3AB6}.Release|Any CPU.ActiveCfg = Release|Any CPU
		{DE799A02-53D7-4276-A1EA-E0011F8A3AB6}.Release|Any CPU.Build.0 = Release|Any CPU
	EndGlobalSection
	GlobalSection(SolutionProperties) = preSolution
		HideSolutionNode = FALSE
	EndGlobalSection
	GlobalSection(ExtensibilityGlobals) = postSolution
		SolutionGuid = {879CC69D-D956-4AC9-B0C6-5D78C4D24AFC}
	EndGlobalSection
EndGlobal
